
Microsoft Visual Studio Solution File, Format Version 11.00
# Visual Studio 2010
Project("{FAE04EC0-301F-11D3-BF4B-00C04F79EFBC}") = "SPSO-2007", "SPSO-2007\SPSO-2007.csproj", "{D76C5C65-C065-49FB-B4A1-5EB597AA9CBD}"
EndProject
Project("{FAE04EC0-301F-11D3-BF4B-00C04F79EFBC}") = "SPSO-2007_Test", "SPSO-2007_Test\SPSO-2007_Test.csproj", "{BBD75EF4-FC49-4027-A21E-90F2E4EBDEBF}"
EndProject
Project("{2150E333-8FDC-42A3-9474-1A3956D46DE8}") = "Solution Items", "Solution Items", "{9AC6E9AE-8220-43C5-A058-9CCB48D157AF}"
	ProjectSection(SolutionItems) = preProject
		Local.testsettings = Local.testsettings
		SPSO-2007.vsmdi = SPSO-2007.vsmdi
		TraceAndTestImpact.testsettings = TraceAndTestImpact.testsettings
	EndProjectSection
EndProject
Global
	GlobalSection(TestCaseManagementSettings) = postSolution
		CategoryFile = SPSO-2007.vsmdi
	EndGlobalSection
	GlobalSection(SolutionConfigurationPlatforms) = preSolution
		Debug|Any CPU = Debug|Any CPU
		Debug|Mixed Platforms = Debug|Mixed Platforms
		Debug|x86 = Debug|x86
		Release|Any CPU = Release|Any CPU
		Release|Mixed Platforms = Release|Mixed Platforms
		Release|x86 = Release|x86
	EndGlobalSection
	GlobalSection(ProjectConfigurationPlatforms) = postSolution
		{D76C5C65-C065-49FB-B4A1-5EB597AA9CBD}.Debug|Any CPU.ActiveCfg = Debug|x86
		{D76C5C65-C065-49FB-B4A1-5EB597AA9CBD}.Debug|Mixed Platforms.ActiveCfg = Debug|x86
		{D76C5C65-C065-49FB-B4A1-5EB597AA9CBD}.Debug|Mixed Platforms.Build.0 = Debug|x86
		{D76C5C65-C065-49FB-B4A1-5EB597AA9CBD}.Debug|x86.ActiveCfg = Debug|x86
		{D76C5C65-C065-49FB-B4A1-5EB597AA9CBD}.Debug|x86.Build.0 = Debug|x86
		{D76C5C65-C065-49FB-B4A1-5EB597AA9CBD}.Release|Any CPU.ActiveCfg = Release|x86
		{D76C5C65-C065-49FB-B4A1-5EB597AA9CBD}.Release|Mixed Platforms.ActiveCfg = Release|x86
		{D76C5C65-C065-49FB-B4A1-5EB597AA9CBD}.Release|Mixed Platforms.Build.0 = Release|x86
		{D76C5C65-C065-49FB-B4A1-5EB597AA9CBD}.Release|x86.ActiveCfg = Release|x86
		{D76C5C65-C065-49FB-B4A1-5EB597AA9CBD}.Release|x86.Build.0 = Release|x86
		{BBD75EF4-FC49-4027-A21E-90F2E4EBDEBF}.Debug|Any CPU.ActiveCfg = Debug|Any CPU
		{BBD75EF4-FC49-4027-A21E-90F2E4EBDEBF}.Debug|Any CPU.Build.0 = Debug|Any CPU
		{BBD75EF4-FC49-4027-A21E-90F2E4EBDEBF}.Debug|Mixed Platforms.ActiveCfg = Debug|Any CPU
		{BBD75EF4-FC49-4027-A21E-90F2E4EBDEBF}.Debug|Mixed Platforms.Build.0 = Debug|Any CPU
		{BBD75EF4-FC49-4027-A21E-90F2E4EBDEBF}.Debug|x86.ActiveCfg = Debug|Any CPU
		{BBD75EF4-FC49-4027-A21E-90F2E4EBDEBF}.Release|Any CPU.ActiveCfg = Release|Any CPU
		{BBD75EF4-FC49-4027-A21E-90F2E4EBDEBF}.Release|Any CPU.Build.0 = Release|Any CPU
		{BBD75EF4-FC49-4027-A21E-90F2E4EBDEBF}.Release|Mixed Platforms.ActiveCfg = Release|Any CPU
		{BBD75EF4-FC49-4027-A21E-90F2E4EBDEBF}.Release|Mixed Platforms.Build.0 = Release|Any CPU
		{BBD75EF4-FC49-4027-A21E-90F2E4EBDEBF}.Release|x86.ActiveCfg = Release|Any CPU
	EndGlobalSection
	GlobalSection(SolutionProperties) = preSolution
		HideSolutionNode = FALSE
	EndGlobalSection
EndGlobal
